
Microsoft Visual Studio Solution File, Format Version 12.00
# Visual Studio 15
VisualStudioVersion = 15.0.27130.0
MinimumVisualStudioVersion = 10.0.40219.1
Project("{9A19103F-16F7-4668-BE54-9A1E7A4F7556}") = "Automation.Demo.TestCases", "Automation.Demo.TestCases\Automation.Demo.TestCases.csproj", "{C6F4597B-95A2-4030-8B04-BAF700047ACD}"
EndProject
Project("{9A19103F-16F7-4668-BE54-9A1E7A4F7556}") = "Automation.Demo.DataModel", "Automation.Demo.DataModel\Automation.Demo.DataModel.csproj", "{2D823E99-2F99-469E-A07A-F0DC489FB9E2}"
EndProject
Project("{9A19103F-16F7-4668-BE54-9A1E7A4F7556}") = "Automation.Demo.PageModel", "Automation.Demo.PageModel\Automation.Demo.PageModel.csproj", "{03C1087B-5493-4019-BFC9-C279E8D819D1}"
EndProject
Project("{2150E333-8FDC-42A3-9474-1A3956D46DE8}") = "Solution Items", "Solution Items", "{AA9C62E0-9376-4D01-B1E4-E22F8B50D8F0}"
	ProjectSection(SolutionItems) = preProject
		.gitignore = .gitignore
	EndProjectSection
EndProject
Project("{2150E333-8FDC-42A3-9474-1A3956D46DE8}") = "Source", "Source", "{4888D506-17C7-40B7-8551-24AA82085999}"
EndProject
Global
	GlobalSection(SolutionConfigurationPlatforms) = preSolution
		Debug|Any CPU = Debug|Any CPU
		Release|Any CPU = Release|Any CPU
	EndGlobalSection
	GlobalSection(ProjectConfigurationPlatforms) = postSolution
		{C6F4597B-95A2-4030-8B04-BAF700047ACD}.Debug|Any CPU.ActiveCfg = Debug|Any CPU
		{C6F4597B-95A2-4030-8B04-BAF700047ACD}.Debug|Any CPU.Build.0 = Debug|Any CPU
		{C6F4597B-95A2-4030-8B04-BAF700047ACD}.Release|Any CPU.ActiveCfg = Release|Any CPU
		{C6F4597B-95A2-4030-8B04-BAF700047ACD}.Release|Any CPU.Build.0 = Release|Any CPU
		{2D823E99-2F99-469E-A07A-F0DC489FB9E2}.Debug|Any CPU.ActiveCfg = Debug|Any CPU
		{2D823E99-2F99-469E-A07A-F0DC489FB9E2}.Debug|Any CPU.Build.0 = Debug|Any CPU
		{2D823E99-2F99-469E-A07A-F0DC489FB9E2}.Release|Any CPU.ActiveCfg = Release|Any CPU
		{2D823E99-2F99-469E-A07A-F0DC489FB9E2}.Release|Any CPU.Build.0 = Release|Any CPU
		{03C1087B-5493-4019-BFC9-C279E8D819D1}.Debug|Any CPU.ActiveCfg = Debug|Any CPU
		{03C1087B-5493-4019-BFC9-C279E8D819D1}.Debug|Any CPU.Build.0 = Debug|Any CPU
		{03C1087B-5493-4019-BFC9-C279E8D819D1}.Release|Any CPU.ActiveCfg = Release|Any CPU
		{03C1087B-5493-4019-BFC9-C279E8D819D1}.Release|Any CPU.Build.0 = Release|Any CPU
	EndGlobalSection
	GlobalSection(SolutionProperties) = preSolution
		HideSolutionNode = FALSE
	EndGlobalSection
	GlobalSection(NestedProjects) = preSolution
		{C6F4597B-95A2-4030-8B04-BAF700047ACD} = {4888D506-17C7-40B7-8551-24AA82085999}
		{2D823E99-2F99-469E-A07A-F0DC489FB9E2} = {4888D506-17C7-40B7-8551-24AA82085999}
		{03C1087B-5493-4019-BFC9-C279E8D819D1} = {4888D506-17C7-40B7-8551-24AA82085999}
	EndGlobalSection
	GlobalSection(ExtensibilityGlobals) = postSolution
		SolutionGuid = {A63DB8ED-2EEF-4AE6-B134-1431FA10A687}
	EndGlobalSection
EndGlobal
