
Microsoft Visual Studio Solution File, Format Version 12.00
# Visual Studio 15
VisualStudioVersion = 15.0.26730.12
MinimumVisualStudioVersion = 10.0.40219.1
Project("{FAE04EC0-301F-11D3-BF4B-00C04F79EFBC}") = "Sentinel.Test.EndToEnd", "Sentinel.Test.EndToEnd\Sentinel.Test.EndToEnd.csproj", "{F18DF99D-29E6-42D9-BAD7-5AF5443FA886}"
EndProject
Global
	GlobalSection(SolutionConfigurationPlatforms) = preSolution
		Debug|Any CPU = Debug|Any CPU
		Release|Any CPU = Release|Any CPU
	EndGlobalSection
	GlobalSection(ProjectConfigurationPlatforms) = postSolution
		{F18DF99D-29E6-42D9-BAD7-5AF5443FA886}.Debug|Any CPU.ActiveCfg = Debug|Any CPU
		{F18DF99D-29E6-42D9-BAD7-5AF5443FA886}.Debug|Any CPU.Build.0 = Debug|Any CPU
		{F18DF99D-29E6-42D9-BAD7-5AF5443FA886}.Release|Any CPU.ActiveCfg = Release|Any CPU
		{F18DF99D-29E6-42D9-BAD7-5AF5443FA886}.Release|Any CPU.Build.0 = Release|Any CPU
	EndGlobalSection
	GlobalSection(SolutionProperties) = preSolution
		HideSolutionNode = FALSE
	EndGlobalSection
	GlobalSection(ExtensibilityGlobals) = postSolution
		SolutionGuid = {A80DD1D7-A5D3-42DB-99DD-69229A42A7C7}
	EndGlobalSection
EndGlobal
